// !$*UTF8*$!
{
	archiveVersion = 1;
	classes = {
	};
	objectVersion = 50;
	objects = {

/* Begin PBXBuildFile section */
		800D0D732215456C002728C8 /* AppDelegate.swift in Sources */ = {isa = PBXBuildFile; fileRef = 800D0D722215456C002728C8 /* AppDelegate.swift */; };
		800D0D782215456C002728C8 /* Main.storyboard in Resources */ = {isa = PBXBuildFile; fileRef = 800D0D762215456C002728C8 /* Main.storyboard */; };
		800D0D7D2215456D002728C8 /* Assets.xcassets in Resources */ = {isa = PBXBuildFile; fileRef = 800D0D7C2215456D002728C8 /* Assets.xcassets */; };
		800D0D802215456D002728C8 /* LaunchScreen.storyboard in Resources */ = {isa = PBXBuildFile; fileRef = 800D0D7E2215456D002728C8 /* LaunchScreen.storyboard */; };
		80316B68221686A2008AFDAA /* AgendaViewController.swift in Sources */ = {isa = PBXBuildFile; fileRef = 80316B67221686A1008AFDAA /* AgendaViewController.swift */; };
		80316B6B22168C6C008AFDAA /* NavigationControllerEx.swift in Sources */ = {isa = PBXBuildFile; fileRef = 80316B6A22168C6C008AFDAA /* NavigationControllerEx.swift */; };
		80316B6D22168DE3008AFDAA /* UIApplicationEx.swift in Sources */ = {isa = PBXBuildFile; fileRef = 80316B6C22168DE3008AFDAA /* UIApplicationEx.swift */; };
		80316B6F22168DF9008AFDAA /* AppDelegateEx.swift in Sources */ = {isa = PBXBuildFile; fileRef = 80316B6E22168DF9008AFDAA /* AppDelegateEx.swift */; };
		80316B732216ADA1008AFDAA /* EventCard.xib in Resources */ = {isa = PBXBuildFile; fileRef = 80316B722216ADA1008AFDAA /* EventCard.xib */; };
		80B4915D2215A18500DD25D3 /* Century Gothic.ttf in Resources */ = {isa = PBXBuildFile; fileRef = 80B4915C2215A15900DD25D3 /* Century Gothic.ttf */; };
		80B4915F2215A8A100DD25D3 /* Constants.swift in Sources */ = {isa = PBXBuildFile; fileRef = 80B4915E2215A8A100DD25D3 /* Constants.swift */; };
		80C563B12216B0F80038B9DF /* EventCard.swift in Sources */ = {isa = PBXBuildFile; fileRef = 80C563B02216B0F80038B9DF /* EventCard.swift */; };
		80EF820B221C0E5000BC6FA0 /* Agenda.swift in Sources */ = {isa = PBXBuildFile; fileRef = 80EF820A221C0E5000BC6FA0 /* Agenda.swift */; };
		80EF820D221C0ED300BC6FA0 /* Event.swift in Sources */ = {isa = PBXBuildFile; fileRef = 80EF820C221C0ED300BC6FA0 /* Event.swift */; };
		80F275182216E4FA00864D59 /* SessionViewController.swift in Sources */ = {isa = PBXBuildFile; fileRef = 80F275172216E4FA00864D59 /* SessionViewController.swift */; };
		80F2D7F3221563E7003097EE /* SignUpViewController.swift in Sources */ = {isa = PBXBuildFile; fileRef = 80F2D7F2221563E7003097EE /* SignUpViewController.swift */; };
		80F2D7F722157EEF003097EE /* NetworkServices.swift in Sources */ = {isa = PBXBuildFile; fileRef = 80F2D7F622157EEF003097EE /* NetworkServices.swift */; };
		80F2D7F922157F43003097EE /* UserModel.swift in Sources */ = {isa = PBXBuildFile; fileRef = 80F2D7F822157F43003097EE /* UserModel.swift */; };
		80F3F5B2221BBD12000891FA /* EventViewInitializer.swift in Sources */ = {isa = PBXBuildFile; fileRef = 80F3F5B1221BBD12000891FA /* EventViewInitializer.swift */; };
		80F6984F221A888200EECE4B /* DatabaseManager.swift in Sources */ = {isa = PBXBuildFile; fileRef = 80F6984E221A888200EECE4B /* DatabaseManager.swift */; };
		80F69851221A896D00EECE4B /* User.swift in Sources */ = {isa = PBXBuildFile; fileRef = 80F69850221A896D00EECE4B /* User.swift */; };
		80F69853221A8EDE00EECE4B /* UserDefaultsManager.swift in Sources */ = {isa = PBXBuildFile; fileRef = 80F69852221A8EDE00EECE4B /* UserDefaultsManager.swift */; };
		80F69855221AAE5500EECE4B /* EventModel.swift in Sources */ = {isa = PBXBuildFile; fileRef = 80F69854221AAE5500EECE4B /* EventModel.swift */; };
		80F69857221AB7DC00EECE4B /* AgendaModel.swift in Sources */ = {isa = PBXBuildFile; fileRef = 80F69856221AB7DC00EECE4B /* AgendaModel.swift */; };
		80F69859221ACE7B00EECE4B /* SingleAgendaCell.swift in Sources */ = {isa = PBXBuildFile; fileRef = 80F69858221ACE7B00EECE4B /* SingleAgendaCell.swift */; };
		80FF302122176A32009CC5CB /* SignupViewControllerEx.swift in Sources */ = {isa = PBXBuildFile; fileRef = 80FF302022176A32009CC5CB /* SignupViewControllerEx.swift */; };
		80FF302322177565009CC5CB /* UIColorEx.swift in Sources */ = {isa = PBXBuildFile; fileRef = 80FF302222177565009CC5CB /* UIColorEx.swift */; };
		ADAC35723CC61FA989BE3501 /* Pods_IconCreationTask.framework in Frameworks */ = {isa = PBXBuildFile; fileRef = 00E89E582427B76F19E6D4B5 /* Pods_IconCreationTask.framework */; };
/* End PBXBuildFile section */

/* Begin PBXFileReference section */
		00E89E582427B76F19E6D4B5 /* Pods_IconCreationTask.framework */ = {isa = PBXFileReference; explicitFileType = wrapper.framework; includeInIndex = 0; path = Pods_IconCreationTask.framework; sourceTree = BUILT_PRODUCTS_DIR; };
		11E36A69B388A14F1FBAC6A3 /* Pods-IconCreationTask.release.xcconfig */ = {isa = PBXFileReference; includeInIndex = 1; lastKnownFileType = text.xcconfig; name = "Pods-IconCreationTask.release.xcconfig"; path = "Pods/Target Support Files/Pods-IconCreationTask/Pods-IconCreationTask.release.xcconfig"; sourceTree = "<group>"; };
		7F3CAFD192457DDB291E1763 /* Pods-IconCreationTask.debug.xcconfig */ = {isa = PBXFileReference; includeInIndex = 1; lastKnownFileType = text.xcconfig; name = "Pods-IconCreationTask.debug.xcconfig"; path = "Pods/Target Support Files/Pods-IconCreationTask/Pods-IconCreationTask.debug.xcconfig"; sourceTree = "<group>"; };
		800D0D6F2215456C002728C8 /* IconCreationTask.app */ = {isa = PBXFileReference; explicitFileType = wrapper.application; includeInIndex = 0; path = IconCreationTask.app; sourceTree = BUILT_PRODUCTS_DIR; };
		800D0D722215456C002728C8 /* AppDelegate.swift */ = {isa = PBXFileReference; lastKnownFileType = sourcecode.swift; path = AppDelegate.swift; sourceTree = "<group>"; };
		800D0D772215456C002728C8 /* Base */ = {isa = PBXFileReference; lastKnownFileType = file.storyboard; name = Base; path = Base.lproj/Main.storyboard; sourceTree = "<group>"; };
		800D0D7C2215456D002728C8 /* Assets.xcassets */ = {isa = PBXFileReference; lastKnownFileType = folder.assetcatalog; path = Assets.xcassets; sourceTree = "<group>"; };
		800D0D7F2215456D002728C8 /* Base */ = {isa = PBXFileReference; lastKnownFileType = file.storyboard; name = Base; path = Base.lproj/LaunchScreen.storyboard; sourceTree = "<group>"; };
		800D0D812215456D002728C8 /* Info.plist */ = {isa = PBXFileReference; lastKnownFileType = text.plist.xml; path = Info.plist; sourceTree = "<group>"; };
		80316B67221686A1008AFDAA /* AgendaViewController.swift */ = {isa = PBXFileReference; lastKnownFileType = sourcecode.swift; path = AgendaViewController.swift; sourceTree = "<group>"; };
		80316B6A22168C6C008AFDAA /* NavigationControllerEx.swift */ = {isa = PBXFileReference; lastKnownFileType = sourcecode.swift; path = NavigationControllerEx.swift; sourceTree = "<group>"; };
		80316B6C22168DE3008AFDAA /* UIApplicationEx.swift */ = {isa = PBXFileReference; lastKnownFileType = sourcecode.swift; path = UIApplicationEx.swift; sourceTree = "<group>"; };
		80316B6E22168DF9008AFDAA /* AppDelegateEx.swift */ = {isa = PBXFileReference; lastKnownFileType = sourcecode.swift; path = AppDelegateEx.swift; sourceTree = "<group>"; };
		80316B722216ADA1008AFDAA /* EventCard.xib */ = {isa = PBXFileReference; lastKnownFileType = file.xib; path = EventCard.xib; sourceTree = "<group>"; };
		80B4915C2215A15900DD25D3 /* Century Gothic.ttf */ = {isa = PBXFileReference; lastKnownFileType = file; path = "Century Gothic.ttf"; sourceTree = "<group>"; };
		80B4915E2215A8A100DD25D3 /* Constants.swift */ = {isa = PBXFileReference; lastKnownFileType = sourcecode.swift; path = Constants.swift; sourceTree = "<group>"; };
		80C563B02216B0F80038B9DF /* EventCard.swift */ = {isa = PBXFileReference; lastKnownFileType = sourcecode.swift; path = EventCard.swift; sourceTree = "<group>"; };
		80EF820A221C0E5000BC6FA0 /* Agenda.swift */ = {isa = PBXFileReference; lastKnownFileType = sourcecode.swift; path = Agenda.swift; sourceTree = "<group>"; };
		80EF820C221C0ED300BC6FA0 /* Event.swift */ = {isa = PBXFileReference; lastKnownFileType = sourcecode.swift; path = Event.swift; sourceTree = "<group>"; };
		80F275172216E4FA00864D59 /* SessionViewController.swift */ = {isa = PBXFileReference; lastKnownFileType = sourcecode.swift; path = SessionViewController.swift; sourceTree = "<group>"; };
		80F2D7F2221563E7003097EE /* SignUpViewController.swift */ = {isa = PBXFileReference; lastKnownFileType = sourcecode.swift; path = SignUpViewController.swift; sourceTree = "<group>"; };
		80F2D7F622157EEF003097EE /* NetworkServices.swift */ = {isa = PBXFileReference; lastKnownFileType = sourcecode.swift; path = NetworkServices.swift; sourceTree = "<group>"; };
		80F2D7F822157F43003097EE /* UserModel.swift */ = {isa = PBXFileReference; lastKnownFileType = sourcecode.swift; path = UserModel.swift; sourceTree = "<group>"; };
		80F3F5B1221BBD12000891FA /* EventViewInitializer.swift */ = {isa = PBXFileReference; lastKnownFileType = sourcecode.swift; path = EventViewInitializer.swift; sourceTree = "<group>"; };
		80F6984E221A888200EECE4B /* DatabaseManager.swift */ = {isa = PBXFileReference; lastKnownFileType = sourcecode.swift; path = DatabaseManager.swift; sourceTree = "<group>"; };
		80F69850221A896D00EECE4B /* User.swift */ = {isa = PBXFileReference; lastKnownFileType = sourcecode.swift; path = User.swift; sourceTree = "<group>"; };
		80F69852221A8EDE00EECE4B /* UserDefaultsManager.swift */ = {isa = PBXFileReference; lastKnownFileType = sourcecode.swift; path = UserDefaultsManager.swift; sourceTree = "<group>"; };
		80F69854221AAE5500EECE4B /* EventModel.swift */ = {isa = PBXFileReference; lastKnownFileType = sourcecode.swift; path = EventModel.swift; sourceTree = "<group>"; };
		80F69856221AB7DC00EECE4B /* AgendaModel.swift */ = {isa = PBXFileReference; lastKnownFileType = sourcecode.swift; path = AgendaModel.swift; sourceTree = "<group>"; };
		80F69858221ACE7B00EECE4B /* SingleAgendaCell.swift */ = {isa = PBXFileReference; lastKnownFileType = sourcecode.swift; path = SingleAgendaCell.swift; sourceTree = "<group>"; };
		80FF302022176A32009CC5CB /* SignupViewControllerEx.swift */ = {isa = PBXFileReference; lastKnownFileType = sourcecode.swift; path = SignupViewControllerEx.swift; sourceTree = "<group>"; };
		80FF302222177565009CC5CB /* UIColorEx.swift */ = {isa = PBXFileReference; lastKnownFileType = sourcecode.swift; path = UIColorEx.swift; sourceTree = "<group>"; };
/* End PBXFileReference section */

/* Begin PBXFrameworksBuildPhase section */
		800D0D6C2215456C002728C8 /* Frameworks */ = {
			isa = PBXFrameworksBuildPhase;
			buildActionMask = 2147483647;
			files = (
				ADAC35723CC61FA989BE3501 /* Pods_IconCreationTask.framework in Frameworks */,
			);
			runOnlyForDeploymentPostprocessing = 0;
		};
/* End PBXFrameworksBuildPhase section */

/* Begin PBXGroup section */
		26EA277C8A7A9635B79BDE5C /* Frameworks */ = {
			isa = PBXGroup;
			children = (
				00E89E582427B76F19E6D4B5 /* Pods_IconCreationTask.framework */,
			);
			name = Frameworks;
			sourceTree = "<group>";
		};
		27A363FB69BC7F61DAB869F5 /* Pods */ = {
			isa = PBXGroup;
			children = (
				7F3CAFD192457DDB291E1763 /* Pods-IconCreationTask.debug.xcconfig */,
				11E36A69B388A14F1FBAC6A3 /* Pods-IconCreationTask.release.xcconfig */,
			);
			name = Pods;
			sourceTree = "<group>";
		};
		800D0D662215456C002728C8 = {
			isa = PBXGroup;
			children = (
				800D0D712215456C002728C8 /* IconCreationTask */,
				800D0D702215456C002728C8 /* Products */,
				27A363FB69BC7F61DAB869F5 /* Pods */,
				26EA277C8A7A9635B79BDE5C /* Frameworks */,
			);
			sourceTree = "<group>";
		};
		800D0D702215456C002728C8 /* Products */ = {
			isa = PBXGroup;
			children = (
				800D0D6F2215456C002728C8 /* IconCreationTask.app */,
			);
			name = Products;
			sourceTree = "<group>";
		};
		800D0D712215456C002728C8 /* IconCreationTask */ = {
			isa = PBXGroup;
			children = (
				800D0D722215456C002728C8 /* AppDelegate.swift */,
				8038BF242218503500F55C6D /* Managers */,
				80F2D7F622157EEF003097EE /* NetworkServices.swift */,
				80316B6922168C51008AFDAA /* Extensions */,
				80B4915B2215A0AE00DD25D3 /* fonts */,
				800D0D8922154598002728C8 /* Controller */,
				800D0D8822154591002728C8 /* View */,
				800D0D8722154587002728C8 /* Model */,
				800D0D7C2215456D002728C8 /* Assets.xcassets */,
				800D0D7E2215456D002728C8 /* LaunchScreen.storyboard */,
				800D0D812215456D002728C8 /* Info.plist */,
				80B4915E2215A8A100DD25D3 /* Constants.swift */,
			);
			path = IconCreationTask;
			sourceTree = "<group>";
		};
		800D0D8722154587002728C8 /* Model */ = {
			isa = PBXGroup;
			children = (
				8038BF252218503E00F55C6D /* Realm models */,
				80F2D7F822157F43003097EE /* UserModel.swift */,
				80F69854221AAE5500EECE4B /* EventModel.swift */,
				80F69856221AB7DC00EECE4B /* AgendaModel.swift */,
			);
			path = Model;
			sourceTree = "<group>";
		};
		800D0D8822154591002728C8 /* View */ = {
			isa = PBXGroup;
			children = (
				80C563B32216B2660038B9DF /* xib files */,
				800D0D762215456C002728C8 /* Main.storyboard */,
				80F3F5B1221BBD12000891FA /* EventViewInitializer.swift */,
			);
			path = View;
			sourceTree = "<group>";
		};
		800D0D8922154598002728C8 /* Controller */ = {
			isa = PBXGroup;
			children = (
				80F2D7F2221563E7003097EE /* SignUpViewController.swift */,
				80316B67221686A1008AFDAA /* AgendaViewController.swift */,
				80F275172216E4FA00864D59 /* SessionViewController.swift */,
			);
			path = Controller;
			sourceTree = "<group>";
		};
		80316B6922168C51008AFDAA /* Extensions */ = {
			isa = PBXGroup;
			children = (
				80316B6A22168C6C008AFDAA /* NavigationControllerEx.swift */,
				80316B6C22168DE3008AFDAA /* UIApplicationEx.swift */,
				80316B6E22168DF9008AFDAA /* AppDelegateEx.swift */,
				80FF302022176A32009CC5CB /* SignupViewControllerEx.swift */,
				80FF302222177565009CC5CB /* UIColorEx.swift */,
			);
			path = Extensions;
			sourceTree = "<group>";
		};
		8038BF242218503500F55C6D /* Managers */ = {
			isa = PBXGroup;
			children = (
				80F6984E221A888200EECE4B /* DatabaseManager.swift */,
				80F69852221A8EDE00EECE4B /* UserDefaultsManager.swift */,
			);
			path = Managers;
			sourceTree = "<group>";
		};
		8038BF252218503E00F55C6D /* Realm models */ = {
			isa = PBXGroup;
			children = (
				80F69850221A896D00EECE4B /* User.swift */,
				80EF820A221C0E5000BC6FA0 /* Agenda.swift */,
				80EF820C221C0ED300BC6FA0 /* Event.swift */,
			);
			path = "Realm models";
			sourceTree = "<group>";
		};
		80B4915B2215A0AE00DD25D3 /* fonts */ = {
			isa = PBXGroup;
			children = (
				80B4915C2215A15900DD25D3 /* Century Gothic.ttf */,
			);
			path = fonts;
			sourceTree = "<group>";
		};
		80C563B22216B2510038B9DF /* Event Card */ = {
			isa = PBXGroup;
			children = (
				80316B722216ADA1008AFDAA /* EventCard.xib */,
				80C563B02216B0F80038B9DF /* EventCard.swift */,
			);
			path = "Event Card";
			sourceTree = "<group>";
		};
		80C563B32216B2660038B9DF /* xib files */ = {
			isa = PBXGroup;
			children = (
				80C563B22216B2510038B9DF /* Event Card */,
				80F69858221ACE7B00EECE4B /* SingleAgendaCell.swift */,
			);
			path = "xib files";
			sourceTree = "<group>";
		};
/* End PBXGroup section */

/* Begin PBXNativeTarget section */
		800D0D6E2215456C002728C8 /* IconCreationTask */ = {
			isa = PBXNativeTarget;
			buildConfigurationList = 800D0D842215456D002728C8 /* Build configuration list for PBXNativeTarget "IconCreationTask" */;
			buildPhases = (
				9D19B6856102F6F171904E68 /* [CP] Check Pods Manifest.lock */,
				800D0D6B2215456C002728C8 /* Sources */,
				800D0D6C2215456C002728C8 /* Frameworks */,
				800D0D6D2215456C002728C8 /* Resources */,
				B167B6104918F756FBF5E51D /* [CP] Embed Pods Frameworks */,
			);
			buildRules = (
			);
			dependencies = (
			);
			name = IconCreationTask;
			productName = IconCreationTask;
			productReference = 800D0D6F2215456C002728C8 /* IconCreationTask.app */;
			productType = "com.apple.product-type.application";
		};
/* End PBXNativeTarget section */

/* Begin PBXProject section */
		800D0D672215456C002728C8 /* Project object */ = {
			isa = PBXProject;
			attributes = {
				LastSwiftUpdateCheck = 1010;
				LastUpgradeCheck = 1010;
				ORGANIZATIONNAME = "Salma Hassan";
				TargetAttributes = {
					800D0D6E2215456C002728C8 = {
						CreatedOnToolsVersion = 10.1;
					};
				};
			};
			buildConfigurationList = 800D0D6A2215456C002728C8 /* Build configuration list for PBXProject "IconCreationTask" */;
			compatibilityVersion = "Xcode 9.3";
			developmentRegion = en;
			hasScannedForEncodings = 0;
			knownRegions = (
				en,
				Base,
			);
			mainGroup = 800D0D662215456C002728C8;
			productRefGroup = 800D0D702215456C002728C8 /* Products */;
			projectDirPath = "";
			projectRoot = "";
			targets = (
				800D0D6E2215456C002728C8 /* IconCreationTask */,
			);
		};
/* End PBXProject section */

/* Begin PBXResourcesBuildPhase section */
		800D0D6D2215456C002728C8 /* Resources */ = {
			isa = PBXResourcesBuildPhase;
			buildActionMask = 2147483647;
			files = (
				800D0D802215456D002728C8 /* LaunchScreen.storyboard in Resources */,
				800D0D7D2215456D002728C8 /* Assets.xcassets in Resources */,
				80B4915D2215A18500DD25D3 /* Century Gothic.ttf in Resources */,
				800D0D782215456C002728C8 /* Main.storyboard in Resources */,
				80316B732216ADA1008AFDAA /* EventCard.xib in Resources */,
			);
			runOnlyForDeploymentPostprocessing = 0;
		};
/* End PBXResourcesBuildPhase section */

/* Begin PBXShellScriptBuildPhase section */
		9D19B6856102F6F171904E68 /* [CP] Check Pods Manifest.lock */ = {
			isa = PBXShellScriptBuildPhase;
			buildActionMask = 2147483647;
			files = (
			);
			inputFileListPaths = (
			);
			inputPaths = (
				"${PODS_PODFILE_DIR_PATH}/Podfile.lock",
				"${PODS_ROOT}/Manifest.lock",
			);
			name = "[CP] Check Pods Manifest.lock";
			outputFileListPaths = (
			);
			outputPaths = (
				"$(DERIVED_FILE_DIR)/Pods-IconCreationTask-checkManifestLockResult.txt",
			);
			runOnlyForDeploymentPostprocessing = 0;
			shellPath = /bin/sh;
			shellScript = "diff \"${PODS_PODFILE_DIR_PATH}/Podfile.lock\" \"${PODS_ROOT}/Manifest.lock\" > /dev/null\nif [ $? != 0 ] ; then\n    # print error to STDERR\n    echo \"error: The sandbox is not in sync with the Podfile.lock. Run 'pod install' or update your CocoaPods installation.\" >&2\n    exit 1\nfi\n# This output is used by Xcode 'outputs' to avoid re-running this script phase.\necho \"SUCCESS\" > \"${SCRIPT_OUTPUT_FILE_0}\"\n";
			showEnvVarsInLog = 0;
		};
		B167B6104918F756FBF5E51D /* [CP] Embed Pods Frameworks */ = {
			isa = PBXShellScriptBuildPhase;
			buildActionMask = 2147483647;
			files = (
			);
			inputFileListPaths = (
			);
			inputPaths = (
				"${SRCROOT}/Pods/Target Support Files/Pods-IconCreationTask/Pods-IconCreationTask-frameworks.sh",
				"${BUILT_PRODUCTS_DIR}/Alamofire/Alamofire.framework",
				"${BUILT_PRODUCTS_DIR}/ObjectMapper/ObjectMapper.framework",
				"${BUILT_PRODUCTS_DIR}/Realm/Realm.framework",
				"${BUILT_PRODUCTS_DIR}/RealmSwift/RealmSwift.framework",
				"${BUILT_PRODUCTS_DIR}/SDWebImage/SDWebImage.framework",
				"${BUILT_PRODUCTS_DIR}/SearchTextField/SearchTextField.framework",
				"${BUILT_PRODUCTS_DIR}/SnapKit/SnapKit.framework",
				"${BUILT_PRODUCTS_DIR}/SwiftyJSON/SwiftyJSON.framework",
				"${BUILT_PRODUCTS_DIR}/Toast-Swift/Toast_Swift.framework",
			);
			name = "[CP] Embed Pods Frameworks";
			outputFileListPaths = (
			);
			outputPaths = (
				"${TARGET_BUILD_DIR}/${FRAMEWORKS_FOLDER_PATH}/Alamofire.framework",
				"${TARGET_BUILD_DIR}/${FRAMEWORKS_FOLDER_PATH}/ObjectMapper.framework",
				"${TARGET_BUILD_DIR}/${FRAMEWORKS_FOLDER_PATH}/Realm.framework",
				"${TARGET_BUILD_DIR}/${FRAMEWORKS_FOLDER_PATH}/RealmSwift.framework",
				"${TARGET_BUILD_DIR}/${FRAMEWORKS_FOLDER_PATH}/SDWebImage.framework",
				"${TARGET_BUILD_DIR}/${FRAMEWORKS_FOLDER_PATH}/SearchTextField.framework",
				"${TARGET_BUILD_DIR}/${FRAMEWORKS_FOLDER_PATH}/SnapKit.framework",
				"${TARGET_BUILD_DIR}/${FRAMEWORKS_FOLDER_PATH}/SwiftyJSON.framework",
				"${TARGET_BUILD_DIR}/${FRAMEWORKS_FOLDER_PATH}/Toast_Swift.framework",
			);
			runOnlyForDeploymentPostprocessing = 0;
			shellPath = /bin/sh;
			shellScript = "\"${SRCROOT}/Pods/Target Support Files/Pods-IconCreationTask/Pods-IconCreationTask-frameworks.sh\"\n";
			showEnvVarsInLog = 0;
		};
/* End PBXShellScriptBuildPhase section */

/* Begin PBXSourcesBuildPhase section */
		800D0D6B2215456C002728C8 /* Sources */ = {
			isa = PBXSourcesBuildPhase;
			buildActionMask = 2147483647;
			files = (
				80F2D7F722157EEF003097EE /* NetworkServices.swift in Sources */,
				800D0D732215456C002728C8 /* AppDelegate.swift in Sources */,
				80316B6F22168DF9008AFDAA /* AppDelegateEx.swift in Sources */,
				80F69857221AB7DC00EECE4B /* AgendaModel.swift in Sources */,
				80F2D7F3221563E7003097EE /* SignUpViewController.swift in Sources */,
				80FF302322177565009CC5CB /* UIColorEx.swift in Sources */,
				80316B68221686A2008AFDAA /* AgendaViewController.swift in Sources */,
				80316B6D22168DE3008AFDAA /* UIApplicationEx.swift in Sources */,
				80EF820D221C0ED300BC6FA0 /* Event.swift in Sources */,
				80F69851221A896D00EECE4B /* User.swift in Sources */,
				80F275182216E4FA00864D59 /* SessionViewController.swift in Sources */,
				80F69859221ACE7B00EECE4B /* SingleAgendaCell.swift in Sources */,
				80FF302122176A32009CC5CB /* SignupViewControllerEx.swift in Sources */,
				80F3F5B2221BBD12000891FA /* EventViewInitializer.swift in Sources */,
				80EF820B221C0E5000BC6FA0 /* Agenda.swift in Sources */,
				80B4915F2215A8A100DD25D3 /* Constants.swift in Sources */,
				80316B6B22168C6C008AFDAA /* NavigationControllerEx.swift in Sources */,
				80F69855221AAE5500EECE4B /* EventModel.swift in Sources */,
				80F6984F221A888200EECE4B /* DatabaseManager.swift in Sources */,
				80F2D7F922157F43003097EE /* UserModel.swift in Sources */,
				80F69853221A8EDE00EECE4B /* UserDefaultsManager.swift in Sources */,
				80C563B12216B0F80038B9DF /* EventCard.swift in Sources */,
			);
			runOnlyForDeploymentPostprocessing = 0;
		};
/* End PBXSourcesBuildPhase section */

/* Begin PBXVariantGroup section */
		800D0D762215456C002728C8 /* Main.storyboard */ = {
			isa = PBXVariantGroup;
			children = (
				800D0D772215456C002728C8 /* Base */,
			);
			name = Main.storyboard;
			sourceTree = "<group>";
		};
		800D0D7E2215456D002728C8 /* LaunchScreen.storyboard */ = {
			isa = PBXVariantGroup;
			children = (
				800D0D7F2215456D002728C8 /* Base */,
			);
			name = LaunchScreen.storyboard;
			sourceTree = "<group>";
		};
/* End PBXVariantGroup section */

/* Begin XCBuildConfiguration section */
		800D0D822215456D002728C8 /* Debug */ = {
			isa = XCBuildConfiguration;
			buildSettings = {
				ALWAYS_SEARCH_USER_PATHS = NO;
				CLANG_ANALYZER_NONNULL = YES;
				CLANG_ANALYZER_NUMBER_OBJECT_CONVERSION = YES_AGGRESSIVE;
				CLANG_CXX_LANGUAGE_STANDARD = "gnu++14";
				CLANG_CXX_LIBRARY = "libc++";
				CLANG_ENABLE_MODULES = YES;
				CLANG_ENABLE_OBJC_ARC = YES;
				CLANG_ENABLE_OBJC_WEAK = YES;
				CLANG_WARN_BLOCK_CAPTURE_AUTORELEASING = YES;
				CLANG_WARN_BOOL_CONVERSION = YES;
				CLANG_WARN_COMMA = YES;
				CLANG_WARN_CONSTANT_CONVERSION = YES;
				CLANG_WARN_DEPRECATED_OBJC_IMPLEMENTATIONS = YES;
				CLANG_WARN_DIRECT_OBJC_ISA_USAGE = YES_ERROR;
				CLANG_WARN_DOCUMENTATION_COMMENTS = YES;
				CLANG_WARN_EMPTY_BODY = YES;
				CLANG_WARN_ENUM_CONVERSION = YES;
				CLANG_WARN_INFINITE_RECURSION = YES;
				CLANG_WARN_INT_CONVERSION = YES;
				CLANG_WARN_NON_LITERAL_NULL_CONVERSION = YES;
				CLANG_WARN_OBJC_IMPLICIT_RETAIN_SELF = YES;
				CLANG_WARN_OBJC_LITERAL_CONVERSION = YES;
				CLANG_WARN_OBJC_ROOT_CLASS = YES_ERROR;
				CLANG_WARN_RANGE_LOOP_ANALYSIS = YES;
				CLANG_WARN_STRICT_PROTOTYPES = YES;
				CLANG_WARN_SUSPICIOUS_MOVE = YES;
				CLANG_WARN_UNGUARDED_AVAILABILITY = YES_AGGRESSIVE;
				CLANG_WARN_UNREACHABLE_CODE = YES;
				CLANG_WARN__DUPLICATE_METHOD_MATCH = YES;
				CODE_SIGN_IDENTITY = "iPhone Developer";
				COPY_PHASE_STRIP = NO;
				DEBUG_INFORMATION_FORMAT = dwarf;
				ENABLE_STRICT_OBJC_MSGSEND = YES;
				ENABLE_TESTABILITY = YES;
				GCC_C_LANGUAGE_STANDARD = gnu11;
				GCC_DYNAMIC_NO_PIC = NO;
				GCC_NO_COMMON_BLOCKS = YES;
				GCC_OPTIMIZATION_LEVEL = 0;
				GCC_PREPROCESSOR_DEFINITIONS = (
					"DEBUG=1",
					"$(inherited)",
				);
				GCC_WARN_64_TO_32_BIT_CONVERSION = YES;
				GCC_WARN_ABOUT_RETURN_TYPE = YES_ERROR;
				GCC_WARN_UNDECLARED_SELECTOR = YES;
				GCC_WARN_UNINITIALIZED_AUTOS = YES_AGGRESSIVE;
				GCC_WARN_UNUSED_FUNCTION = YES;
				GCC_WARN_UNUSED_VARIABLE = YES;
				IPHONEOS_DEPLOYMENT_TARGET = 12.1;
				MTL_ENABLE_DEBUG_INFO = INCLUDE_SOURCE;
				MTL_FAST_MATH = YES;
				ONLY_ACTIVE_ARCH = YES;
				SDKROOT = iphoneos;
				SWIFT_ACTIVE_COMPILATION_CONDITIONS = DEBUG;
				SWIFT_OPTIMIZATION_LEVEL = "-Onone";
			};
			name = Debug;
		};
		800D0D832215456D002728C8 /* Release */ = {
			isa = XCBuildConfiguration;
			buildSettings = {
				ALWAYS_SEARCH_USER_PATHS = NO;
				CLANG_ANALYZER_NONNULL = YES;
				CLANG_ANALYZER_NUMBER_OBJECT_CONVERSION = YES_AGGRESSIVE;
				CLANG_CXX_LANGUAGE_STANDARD = "gnu++14";
				CLANG_CXX_LIBRARY = "libc++";
				CLANG_ENABLE_MODULES = YES;
				CLANG_ENABLE_OBJC_ARC = YES;
				CLANG_ENABLE_OBJC_WEAK = YES;
				CLANG_WARN_BLOCK_CAPTURE_AUTORELEASING = YES;
				CLANG_WARN_BOOL_CONVERSION = YES;
				CLANG_WARN_COMMA = YES;
				CLANG_WARN_CONSTANT_CONVERSION = YES;
				CLANG_WARN_DEPRECATED_OBJC_IMPLEMENTATIONS = YES;
				CLANG_WARN_DIRECT_OBJC_ISA_USAGE = YES_ERROR;
				CLANG_WARN_DOCUMENTATION_COMMENTS = YES;
				CLANG_WARN_EMPTY_BODY = YES;
				CLANG_WARN_ENUM_CONVERSION = YES;
				CLANG_WARN_INFINITE_RECURSION = YES;
				CLANG_WARN_INT_CONVERSION = YES;
				CLANG_WARN_NON_LITERAL_NULL_CONVERSION = YES;
				CLANG_WARN_OBJC_IMPLICIT_RETAIN_SELF = YES;
				CLANG_WARN_OBJC_LITERAL_CONVERSION = YES;
				CLANG_WARN_OBJC_ROOT_CLASS = YES_ERROR;
				CLANG_WARN_RANGE_LOOP_ANALYSIS = YES;
				CLANG_WARN_STRICT_PROTOTYPES = YES;
				CLANG_WARN_SUSPICIOUS_MOVE = YES;
				CLANG_WARN_UNGUARDED_AVAILABILITY = YES_AGGRESSIVE;
				CLANG_WARN_UNREACHABLE_CODE = YES;
				CLANG_WARN__DUPLICATE_METHOD_MATCH = YES;
				CODE_SIGN_IDENTITY = "iPhone Developer";
				COPY_PHASE_STRIP = NO;
				DEBUG_INFORMATION_FORMAT = "dwarf-with-dsym";
				ENABLE_NS_ASSERTIONS = NO;
				ENABLE_STRICT_OBJC_MSGSEND = YES;
				GCC_C_LANGUAGE_STANDARD = gnu11;
				GCC_NO_COMMON_BLOCKS = YES;
				GCC_WARN_64_TO_32_BIT_CONVERSION = YES;
				GCC_WARN_ABOUT_RETURN_TYPE = YES_ERROR;
				GCC_WARN_UNDECLARED_SELECTOR = YES;
				GCC_WARN_UNINITIALIZED_AUTOS = YES_AGGRESSIVE;
				GCC_WARN_UNUSED_FUNCTION = YES;
				GCC_WARN_UNUSED_VARIABLE = YES;
				IPHONEOS_DEPLOYMENT_TARGET = 12.1;
				MTL_ENABLE_DEBUG_INFO = NO;
				MTL_FAST_MATH = YES;
				SDKROOT = iphoneos;
				SWIFT_COMPILATION_MODE = wholemodule;
				SWIFT_OPTIMIZATION_LEVEL = "-O";
				VALIDATE_PRODUCT = YES;
			};
			name = Release;
		};
		800D0D852215456D002728C8 /* Debug */ = {
			isa = XCBuildConfiguration;
			baseConfigurationReference = 7F3CAFD192457DDB291E1763 /* Pods-IconCreationTask.debug.xcconfig */;
			buildSettings = {
				ASSETCATALOG_COMPILER_APPICON_NAME = AppIcon;
				CODE_SIGN_STYLE = Automatic;
				DEVELOPMENT_TEAM = 2VH28277N9;
				INFOPLIST_FILE = IconCreationTask/Info.plist;
				IPHONEOS_DEPLOYMENT_TARGET = 9.0;
				LD_RUNPATH_SEARCH_PATHS = (
					"$(inherited)",
					"@executable_path/Frameworks",
				);
				PRODUCT_BUNDLE_IDENTIFIER = com.salma.IconCreationTask;
				PRODUCT_NAME = "$(TARGET_NAME)";
				SWIFT_VERSION = 4.2;
				TARGETED_DEVICE_FAMILY = "1,2";
			};
			name = Debug;
		};
		800D0D862215456D002728C8 /* Release */ = {
			isa = XCBuildConfiguration;
			baseConfigurationReference = 11E36A69B388A14F1FBAC6A3 /* Pods-IconCreationTask.release.xcconfig */;
			buildSettings = {
				ASSETCATALOG_COMPILER_APPICON_NAME = AppIcon;
				CODE_SIGN_STYLE = Automatic;
				DEVELOPMENT_TEAM = 2VH28277N9;
				INFOPLIST_FILE = IconCreationTask/Info.plist;
				IPHONEOS_DEPLOYMENT_TARGET = 9.0;
				LD_RUNPATH_SEARCH_PATHS = (
					"$(inherited)",
					"@executable_path/Frameworks",
				);
				PRODUCT_BUNDLE_IDENTIFIER = com.salma.IconCreationTask;
				PRODUCT_NAME = "$(TARGET_NAME)";
				SWIFT_VERSION = 4.2;
				TARGETED_DEVICE_FAMILY = "1,2";
			};
			name = Release;
		};
/* End XCBuildConfiguration section */

/* Begin XCConfigurationList section */
		800D0D6A2215456C002728C8 /* Build configuration list for PBXProject "IconCreationTask" */ = {
			isa = XCConfigurationList;
			buildConfigurations = (
				800D0D822215456D002728C8 /* Debug */,
				800D0D832215456D002728C8 /* Release */,
			);
			defaultConfigurationIsVisible = 0;
			defaultConfigurationName = Release;
		};
		800D0D842215456D002728C8 /* Build configuration list for PBXNativeTarget "IconCreationTask" */ = {
			isa = XCConfigurationList;
			buildConfigurations = (
				800D0D852215456D002728C8 /* Debug */,
				800D0D862215456D002728C8 /* Release */,
			);
			defaultConfigurationIsVisible = 0;
			defaultConfigurationName = Release;
		};
/* End XCConfigurationList section */
	};
	rootObject = 800D0D672215456C002728C8 /* Project object */;
}
